// !$*UTF8*$!
{
	archiveVersion = 1;
	classes = {
	};
	objectVersion = 50;
	objects = {

/* Begin PBXBuildFile section */
		C49B3E6E2514C84300B3B93B /* AppDelegate.swift in Sources */ = {isa = PBXBuildFile; fileRef = C49B3E6D2514C84300B3B93B /* AppDelegate.swift */; };
		C49B3E702514C84300B3B93B /* SceneDelegate.swift in Sources */ = {isa = PBXBuildFile; fileRef = C49B3E6F2514C84300B3B93B /* SceneDelegate.swift */; };
		C49B3E782514C84300B3B93B /* MovieThousand.xcdatamodeld in Sources */ = {isa = PBXBuildFile; fileRef = C49B3E762514C84300B3B93B /* MovieThousand.xcdatamodeld */; };
		C49B3E7A2514C84600B3B93B /* Assets.xcassets in Resources */ = {isa = PBXBuildFile; fileRef = C49B3E792514C84600B3B93B /* Assets.xcassets */; };
		C49B3E7D2514C84600B3B93B /* LaunchScreen.storyboard in Resources */ = {isa = PBXBuildFile; fileRef = C49B3E7B2514C84600B3B93B /* LaunchScreen.storyboard */; };
		C49B3E8B2514CCBC00B3B93B /* Movie.swift in Sources */ = {isa = PBXBuildFile; fileRef = C49B3E8A2514CCBC00B3B93B /* Movie.swift */; };
		C49B3E902514D0F600B3B93B /* HttpMethod.swift in Sources */ = {isa = PBXBuildFile; fileRef = C49B3E8F2514D0F600B3B93B /* HttpMethod.swift */; };
		C49B3E922514D24600B3B93B /* MovieAPi.swift in Sources */ = {isa = PBXBuildFile; fileRef = C49B3E912514D24600B3B93B /* MovieAPi.swift */; };
		C49B3E942514D41200B3B93B /* MovieResponse.swift in Sources */ = {isa = PBXBuildFile; fileRef = C49B3E932514D41200B3B93B /* MovieResponse.swift */; };
		C49B3EB62514E7DA00B3B93B /* DetailViewController.swift in Sources */ = {isa = PBXBuildFile; fileRef = C49B3EB52514E7DA00B3B93B /* DetailViewController.swift */; };
		C49B3ECA2514EC0C00B3B93B /* FavoritesListTableViewController.swift in Sources */ = {isa = PBXBuildFile; fileRef = C49B3EC92514EC0C00B3B93B /* FavoritesListTableViewController.swift */; };
		C49B3ECE2514ECEB00B3B93B /* FavoritesManager.swift in Sources */ = {isa = PBXBuildFile; fileRef = C49B3ECD2514ECEB00B3B93B /* FavoritesManager.swift */; };
		C49B3ED02514ED5600B3B93B /* DiscoverCollectionViewController.swift in Sources */ = {isa = PBXBuildFile; fileRef = C49B3ECF2514ED5600B3B93B /* DiscoverCollectionViewController.swift */; };
		C49B3ED22514EDA900B3B93B /* MovieViewModel.swift in Sources */ = {isa = PBXBuildFile; fileRef = C49B3ED12514EDA900B3B93B /* MovieViewModel.swift */; };
		C49B3ED42514EDE900B3B93B /* FavoritesListViewModel.swift in Sources */ = {isa = PBXBuildFile; fileRef = C49B3ED32514EDE900B3B93B /* FavoritesListViewModel.swift */; };
		C49B3ED62514EE3D00B3B93B /* FavoriteTableViewCell.swift in Sources */ = {isa = PBXBuildFile; fileRef = C49B3ED52514EE3D00B3B93B /* FavoriteTableViewCell.swift */; };
		C49B3ED92514EFCE00B3B93B /* ReusableCell.swift in Sources */ = {isa = PBXBuildFile; fileRef = C49B3ED72514EFA100B3B93B /* ReusableCell.swift */; };
		C49B3EDB2514F03200B3B93B /* DiscoverCell.swift in Sources */ = {isa = PBXBuildFile; fileRef = C49B3EDA2514F03200B3B93B /* DiscoverCell.swift */; };
		C49B3EF42514F19400B3B93B /* DetailOverviewView.swift in Sources */ = {isa = PBXBuildFile; fileRef = C49B3EEE2514F19400B3B93B /* DetailOverviewView.swift */; };
		C49B3EF52514F19400B3B93B /* DetailHeaderView.swift in Sources */ = {isa = PBXBuildFile; fileRef = C49B3EEF2514F19400B3B93B /* DetailHeaderView.swift */; };
		C49B3EF62514F19400B3B93B /* DetailFavoriteView.swift in Sources */ = {isa = PBXBuildFile; fileRef = C49B3EF02514F19400B3B93B /* DetailFavoriteView.swift */; };
		C49B3EF72514F19400B3B93B /* DetailYearView.swift in Sources */ = {isa = PBXBuildFile; fileRef = C49B3EF12514F19400B3B93B /* DetailYearView.swift */; };
		C49B3EF82514F19400B3B93B /* DetailTitleView.swift in Sources */ = {isa = PBXBuildFile; fileRef = C49B3EF22514F19400B3B93B /* DetailTitleView.swift */; };
		C49B3EF92514F19400B3B93B /* DetailRatingsView.swift in Sources */ = {isa = PBXBuildFile; fileRef = C49B3EF32514F19400B3B93B /* DetailRatingsView.swift */; };
/* End PBXBuildFile section */

/* Begin PBXFileReference section */
		C49B3E6A2514C84300B3B93B /* MovieThousand.app */ = {isa = PBXFileReference; explicitFileType = wrapper.application; includeInIndex = 0; path = MovieThousand.app; sourceTree = BUILT_PRODUCTS_DIR; };
		C49B3E6D2514C84300B3B93B /* AppDelegate.swift */ = {isa = PBXFileReference; lastKnownFileType = sourcecode.swift; path = AppDelegate.swift; sourceTree = "<group>"; };
		C49B3E6F2514C84300B3B93B /* SceneDelegate.swift */ = {isa = PBXFileReference; lastKnownFileType = sourcecode.swift; path = SceneDelegate.swift; sourceTree = "<group>"; };
		C49B3E772514C84300B3B93B /* MovieThousand.xcdatamodel */ = {isa = PBXFileReference; lastKnownFileType = wrapper.xcdatamodel; path = MovieThousand.xcdatamodel; sourceTree = "<group>"; };
		C49B3E792514C84600B3B93B /* Assets.xcassets */ = {isa = PBXFileReference; lastKnownFileType = folder.assetcatalog; path = Assets.xcassets; sourceTree = "<group>"; };
		C49B3E7C2514C84600B3B93B /* Base */ = {isa = PBXFileReference; lastKnownFileType = file.storyboard; name = Base; path = Base.lproj/LaunchScreen.storyboard; sourceTree = "<group>"; };
		C49B3E7E2514C84600B3B93B /* Info.plist */ = {isa = PBXFileReference; lastKnownFileType = text.plist.xml; path = Info.plist; sourceTree = "<group>"; };
		C49B3E8A2514CCBC00B3B93B /* Movie.swift */ = {isa = PBXFileReference; lastKnownFileType = sourcecode.swift; path = Movie.swift; sourceTree = "<group>"; };
		C49B3E8F2514D0F600B3B93B /* HttpMethod.swift */ = {isa = PBXFileReference; lastKnownFileType = sourcecode.swift; path = HttpMethod.swift; sourceTree = "<group>"; };
		C49B3E912514D24600B3B93B /* MovieAPi.swift */ = {isa = PBXFileReference; lastKnownFileType = sourcecode.swift; path = MovieAPi.swift; sourceTree = "<group>"; };
		C49B3E932514D41200B3B93B /* MovieResponse.swift */ = {isa = PBXFileReference; lastKnownFileType = sourcecode.swift; path = MovieResponse.swift; sourceTree = "<group>"; };
		C49B3EB52514E7DA00B3B93B /* DetailViewController.swift */ = {isa = PBXFileReference; fileEncoding = 4; lastKnownFileType = sourcecode.swift; name = DetailViewController.swift; path = "../../../../moviesApp-master 2/MoviesApp/Detail/DetailViewController.swift"; sourceTree = "<group>"; };
		C49B3EC92514EC0C00B3B93B /* FavoritesListTableViewController.swift */ = {isa = PBXFileReference; fileEncoding = 4; lastKnownFileType = sourcecode.swift; name = FavoritesListTableViewController.swift; path = "../../../../../Downloads/moviesApp-master/MoviesApp/Favorites/FavoritesListTableViewController.swift"; sourceTree = "<group>"; };
		C49B3ECD2514ECEB00B3B93B /* FavoritesManager.swift */ = {isa = PBXFileReference; fileEncoding = 4; lastKnownFileType = sourcecode.swift; name = FavoritesManager.swift; path = "../../../../../Downloads/moviesApp-master/MoviesApp/Favorites/FavoritesManager.swift"; sourceTree = "<group>"; };
		C49B3ECF2514ED5600B3B93B /* DiscoverCollectionViewController.swift */ = {isa = PBXFileReference; fileEncoding = 4; lastKnownFileType = sourcecode.swift; name = DiscoverCollectionViewController.swift; path = "../../../../../Downloads/moviesApp-master 2/MoviesApp/Discover/DiscoverCollectionViewController.swift"; sourceTree = "<group>"; };
		C49B3ED12514EDA900B3B93B /* MovieViewModel.swift */ = {isa = PBXFileReference; fileEncoding = 4; lastKnownFileType = sourcecode.swift; name = MovieViewModel.swift; path = "../../../../../Downloads/moviesApp-master 2/MoviesApp/Discover/MovieViewModel.swift"; sourceTree = "<group>"; };
		C49B3ED32514EDE900B3B93B /* FavoritesListViewModel.swift */ = {isa = PBXFileReference; fileEncoding = 4; lastKnownFileType = sourcecode.swift; name = FavoritesListViewModel.swift; path = "../../../../../Downloads/moviesApp-master 2/MoviesApp/Favorites/FavoritesListViewModel.swift"; sourceTree = "<group>"; };
		C49B3ED52514EE3D00B3B93B /* FavoriteTableViewCell.swift */ = {isa = PBXFileReference; fileEncoding = 4; lastKnownFileType = sourcecode.swift; name = FavoriteTableViewCell.swift; path = "../../../../../../../Downloads/moviesApp-master 2/MoviesApp/Favorites/Cells/FavoriteTableViewCell.swift"; sourceTree = "<group>"; };
		C49B3ED72514EFA100B3B93B /* ReusableCell.swift */ = {isa = PBXFileReference; fileEncoding = 4; lastKnownFileType = sourcecode.swift; name = ReusableCell.swift; path = "../../../../../../Downloads/moviesApp-master 2/MoviesApp/Discover/Cells/ReusableCell.swift"; sourceTree = "<group>"; };
		C49B3EDA2514F03200B3B93B /* DiscoverCell.swift */ = {isa = PBXFileReference; fileEncoding = 4; lastKnownFileType = sourcecode.swift; name = DiscoverCell.swift; path = "../../../../../../Downloads/moviesApp-master 2/MoviesApp/Discover/Cells/DiscoverCell.swift"; sourceTree = "<group>"; };
		C49B3EEE2514F19400B3B93B /* DetailOverviewView.swift */ = {isa = PBXFileReference; fileEncoding = 4; lastKnownFileType = sourcecode.swift; path = DetailOverviewView.swift; sourceTree = "<group>"; };
		C49B3EEF2514F19400B3B93B /* DetailHeaderView.swift */ = {isa = PBXFileReference; fileEncoding = 4; lastKnownFileType = sourcecode.swift; path = DetailHeaderView.swift; sourceTree = "<group>"; };
		C49B3EF02514F19400B3B93B /* DetailFavoriteView.swift */ = {isa = PBXFileReference; fileEncoding = 4; lastKnownFileType = sourcecode.swift; path = DetailFavoriteView.swift; sourceTree = "<group>"; };
		C49B3EF12514F19400B3B93B /* DetailYearView.swift */ = {isa = PBXFileReference; fileEncoding = 4; lastKnownFileType = sourcecode.swift; path = DetailYearView.swift; sourceTree = "<group>"; };
		C49B3EF22514F19400B3B93B /* DetailTitleView.swift */ = {isa = PBXFileReference; fileEncoding = 4; lastKnownFileType = sourcecode.swift; path = DetailTitleView.swift; sourceTree = "<group>"; };
		C49B3EF32514F19400B3B93B /* DetailRatingsView.swift */ = {isa = PBXFileReference; fileEncoding = 4; lastKnownFileType = sourcecode.swift; path = DetailRatingsView.swift; sourceTree = "<group>"; };
/* End PBXFileReference section */

/* Begin PBXFrameworksBuildPhase section */
		C49B3E672514C84300B3B93B /* Frameworks */ = {
			isa = PBXFrameworksBuildPhase;
			buildActionMask = 2147483647;
			files = (
			);
			runOnlyForDeploymentPostprocessing = 0;
		};
/* End PBXFrameworksBuildPhase section */

/* Begin PBXGroup section */
		C49B3E612514C84300B3B93B = {
			isa = PBXGroup;
			children = (
				C49B3E6C2514C84300B3B93B /* MovieThousand */,
				C49B3E6B2514C84300B3B93B /* Products */,
			);
			sourceTree = "<group>";
		};
		C49B3E6B2514C84300B3B93B /* Products */ = {
			isa = PBXGroup;
			children = (
				C49B3E6A2514C84300B3B93B /* MovieThousand.app */,
			);
			name = Products;
			sourceTree = "<group>";
		};
		C49B3E6C2514C84300B3B93B /* MovieThousand */ = {
			isa = PBXGroup;
			children = (
				C49B3E8E2514CDA000B3B93B /* DefaultFolders */,
				C49B3E872514C90500B3B93B /* ConfigAPI */,
				C49B3E862514C8FD00B3B93B /* Model */,
				C49B3E852514C8F300B3B93B /* ViewModel */,
				C49B3E842514C8E600B3B93B /* Controller */,
				C49B3E7E2514C84600B3B93B /* Info.plist */,
				C49B3E762514C84300B3B93B /* MovieThousand.xcdatamodeld */,
			);
			path = MovieThousand;
			sourceTree = "<group>";
		};
		C49B3E842514C8E600B3B93B /* Controller */ = {
			isa = PBXGroup;
			children = (
				C49B3ECF2514ED5600B3B93B /* DiscoverCollectionViewController.swift */,
				C49B3EC92514EC0C00B3B93B /* FavoritesListTableViewController.swift */,
				C49B3EB52514E7DA00B3B93B /* DetailViewController.swift */,
			);
			path = Controller;
			sourceTree = "<group>";
		};
		C49B3E852514C8F300B3B93B /* ViewModel */ = {
			isa = PBXGroup;
			children = (
				C49B3ED12514EDA900B3B93B /* MovieViewModel.swift */,
				C49B3ED32514EDE900B3B93B /* FavoritesListViewModel.swift */,
				C49B3ECD2514ECEB00B3B93B /* FavoritesManager.swift */,
				C49B3E952514DACE00B3B93B /* Cell + View */,
			);
			path = ViewModel;
			sourceTree = "<group>";
		};
		C49B3E862514C8FD00B3B93B /* Model */ = {
			isa = PBXGroup;
			children = (
				C49B3E8A2514CCBC00B3B93B /* Movie.swift */,
				C49B3E932514D41200B3B93B /* MovieResponse.swift */,
			);
			path = Model;
			sourceTree = "<group>";
		};
		C49B3E872514C90500B3B93B /* ConfigAPI */ = {
			isa = PBXGroup;
			children = (
				C49B3E8F2514D0F600B3B93B /* HttpMethod.swift */,
				C49B3E912514D24600B3B93B /* MovieAPi.swift */,
			);
			path = ConfigAPI;
			sourceTree = "<group>";
		};
		C49B3E8E2514CDA000B3B93B /* DefaultFolders */ = {
			isa = PBXGroup;
			children = (
				C49B3E792514C84600B3B93B /* Assets.xcassets */,
				C49B3E7B2514C84600B3B93B /* LaunchScreen.storyboard */,
				C49B3E6D2514C84300B3B93B /* AppDelegate.swift */,
				C49B3E6F2514C84300B3B93B /* SceneDelegate.swift */,
			);
			path = DefaultFolders;
			sourceTree = "<group>";
		};
		C49B3E952514DACE00B3B93B /* Cell + View */ = {
			isa = PBXGroup;
			children = (
				C49B3EED2514F19400B3B93B /* Detail Views */,
				C49B3EDA2514F03200B3B93B /* DiscoverCell.swift */,
				C49B3ED72514EFA100B3B93B /* ReusableCell.swift */,
				C49B3E9C2514DB8E00B3B93B /* ChoiseSystem */,
			);
			path = "Cell + View";
			sourceTree = "<group>";
		};
		C49B3E9C2514DB8E00B3B93B /* ChoiseSystem */ = {
			isa = PBXGroup;
			children = (
				C49B3ED52514EE3D00B3B93B /* FavoriteTableViewCell.swift */,
			);
			path = ChoiseSystem;
			sourceTree = "<group>";
		};
		C49B3EED2514F19400B3B93B /* Detail Views */ = {
			isa = PBXGroup;
			children = (
				C49B3EEE2514F19400B3B93B /* DetailOverviewView.swift */,
				C49B3EEF2514F19400B3B93B /* DetailHeaderView.swift */,
				C49B3EF02514F19400B3B93B /* DetailFavoriteView.swift */,
				C49B3EF12514F19400B3B93B /* DetailYearView.swift */,
				C49B3EF22514F19400B3B93B /* DetailTitleView.swift */,
				C49B3EF32514F19400B3B93B /* DetailRatingsView.swift */,
			);
			name = "Detail Views";
			path = "../../../../../../Downloads/moviesApp-master 3/MoviesApp/Detail/Detail Views";
			sourceTree = "<group>";
		};
/* End PBXGroup section */

/* Begin PBXNativeTarget section */
		C49B3E692514C84300B3B93B /* MovieThousand */ = {
			isa = PBXNativeTarget;
			buildConfigurationList = C49B3E812514C84600B3B93B /* Build configuration list for PBXNativeTarget "MovieThousand" */;
			buildPhases = (
				C49B3E662514C84300B3B93B /* Sources */,
				C49B3E672514C84300B3B93B /* Frameworks */,
				C49B3E682514C84300B3B93B /* Resources */,
			);
			buildRules = (
			);
			dependencies = (
			);
			name = MovieThousand;
			productName = MovieThousand;
			productReference = C49B3E6A2514C84300B3B93B /* MovieThousand.app */;
			productType = "com.apple.product-type.application";
		};
/* End PBXNativeTarget section */

/* Begin PBXProject section */
		C49B3E622514C84300B3B93B /* Project object */ = {
			isa = PBXProject;
			attributes = {
				LastSwiftUpdateCheck = 1170;
				LastUpgradeCheck = 1170;
				ORGANIZATIONNAME = Devnull;
				TargetAttributes = {
					C49B3E692514C84300B3B93B = {
						CreatedOnToolsVersion = 11.7;
					};
				};
			};
			buildConfigurationList = C49B3E652514C84300B3B93B /* Build configuration list for PBXProject "MovieThousand" */;
			compatibilityVersion = "Xcode 9.3";
			developmentRegion = en;
			hasScannedForEncodings = 0;
			knownRegions = (
				en,
				Base,
			);
			mainGroup = C49B3E612514C84300B3B93B;
			productRefGroup = C49B3E6B2514C84300B3B93B /* Products */;
			projectDirPath = "";
			projectRoot = "";
			targets = (
				C49B3E692514C84300B3B93B /* MovieThousand */,
			);
		};
/* End PBXProject section */

/* Begin PBXResourcesBuildPhase section */
		C49B3E682514C84300B3B93B /* Resources */ = {
			isa = PBXResourcesBuildPhase;
			buildActionMask = 2147483647;
			files = (
				C49B3E7D2514C84600B3B93B /* LaunchScreen.storyboard in Resources */,
				C49B3E7A2514C84600B3B93B /* Assets.xcassets in Resources */,
			);
			runOnlyForDeploymentPostprocessing = 0;
		};
/* End PBXResourcesBuildPhase section */

/* Begin PBXSourcesBuildPhase section */
		C49B3E662514C84300B3B93B /* Sources */ = {
			isa = PBXSourcesBuildPhase;
			buildActionMask = 2147483647;
			files = (
				C49B3EDB2514F03200B3B93B /* DiscoverCell.swift in Sources */,
				C49B3EB62514E7DA00B3B93B /* DetailViewController.swift in Sources */,
				C49B3EF62514F19400B3B93B /* DetailFavoriteView.swift in Sources */,
				C49B3ED22514EDA900B3B93B /* MovieViewModel.swift in Sources */,
				C49B3EF92514F19400B3B93B /* DetailRatingsView.swift in Sources */,
				C49B3ED92514EFCE00B3B93B /* ReusableCell.swift in Sources */,
				C49B3E782514C84300B3B93B /* MovieThousand.xcdatamodeld in Sources */,
				C49B3E6E2514C84300B3B93B /* AppDelegate.swift in Sources */,
				C49B3EF82514F19400B3B93B /* DetailTitleView.swift in Sources */,
				C49B3E922514D24600B3B93B /* MovieAPi.swift in Sources */,
				C49B3ECA2514EC0C00B3B93B /* FavoritesListTableViewController.swift in Sources */,
				C49B3EF52514F19400B3B93B /* DetailHeaderView.swift in Sources */,
				C49B3EF72514F19400B3B93B /* DetailYearView.swift in Sources */,
				C49B3E902514D0F600B3B93B /* HttpMethod.swift in Sources */,
				C49B3ECE2514ECEB00B3B93B /* FavoritesManager.swift in Sources */,
				C49B3ED42514EDE900B3B93B /* FavoritesListViewModel.swift in Sources */,
				C49B3ED62514EE3D00B3B93B /* FavoriteTableViewCell.swift in Sources */,
				C49B3E702514C84300B3B93B /* SceneDelegate.swift in Sources */,
				C49B3E942514D41200B3B93B /* MovieResponse.swift in Sources */,
				C49B3EF42514F19400B3B93B /* DetailOverviewView.swift in Sources */,
				C49B3E8B2514CCBC00B3B93B /* Movie.swift in Sources */,
				C49B3ED02514ED5600B3B93B /* DiscoverCollectionViewController.swift in Sources */,
			);
			runOnlyForDeploymentPostprocessing = 0;
		};
/* End PBXSourcesBuildPhase section */

/* Begin PBXVariantGroup section */
		C49B3E7B2514C84600B3B93B /* LaunchScreen.storyboard */ = {
			isa = PBXVariantGroup;
			children = (
				C49B3E7C2514C84600B3B93B /* Base */,
			);
			name = LaunchScreen.storyboard;
			sourceTree = "<group>";
		};
/* End PBXVariantGroup section */

/* Begin XCBuildConfiguration section */
		C49B3E7F2514C84600B3B93B /* Debug */ = {
			isa = XCBuildConfiguration;
			buildSettings = {
				ALWAYS_SEARCH_USER_PATHS = NO;
				CLANG_ANALYZER_NONNULL = YES;
				CLANG_ANALYZER_NUMBER_OBJECT_CONVERSION = YES_AGGRESSIVE;
				CLANG_CXX_LANGUAGE_STANDARD = "gnu++14";
				CLANG_CXX_LIBRARY = "libc++";
				CLANG_ENABLE_MODULES = YES;
				CLANG_ENABLE_OBJC_ARC = YES;
				CLANG_ENABLE_OBJC_WEAK = YES;
				CLANG_WARN_BLOCK_CAPTURE_AUTORELEASING = YES;
				CLANG_WARN_BOOL_CONVERSION = YES;
				CLANG_WARN_COMMA = YES;
				CLANG_WARN_CONSTANT_CONVERSION = YES;
				CLANG_WARN_DEPRECATED_OBJC_IMPLEMENTATIONS = YES;
				CLANG_WARN_DIRECT_OBJC_ISA_USAGE = YES_ERROR;
				CLANG_WARN_DOCUMENTATION_COMMENTS = YES;
				CLANG_WARN_EMPTY_BODY = YES;
				CLANG_WARN_ENUM_CONVERSION = YES;
				CLANG_WARN_INFINITE_RECURSION = YES;
				CLANG_WARN_INT_CONVERSION = YES;
				CLANG_WARN_NON_LITERAL_NULL_CONVERSION = YES;
				CLANG_WARN_OBJC_IMPLICIT_RETAIN_SELF = YES;
				CLANG_WARN_OBJC_LITERAL_CONVERSION = YES;
				CLANG_WARN_OBJC_ROOT_CLASS = YES_ERROR;
				CLANG_WARN_RANGE_LOOP_ANALYSIS = YES;
				CLANG_WARN_STRICT_PROTOTYPES = YES;
				CLANG_WARN_SUSPICIOUS_MOVE = YES;
				CLANG_WARN_UNGUARDED_AVAILABILITY = YES_AGGRESSIVE;
				CLANG_WARN_UNREACHABLE_CODE = YES;
				CLANG_WARN__DUPLICATE_METHOD_MATCH = YES;
				COPY_PHASE_STRIP = NO;
				DEBUG_INFORMATION_FORMAT = dwarf;
				ENABLE_STRICT_OBJC_MSGSEND = YES;
				ENABLE_TESTABILITY = YES;
				GCC_C_LANGUAGE_STANDARD = gnu11;
				GCC_DYNAMIC_NO_PIC = NO;
				GCC_NO_COMMON_BLOCKS = YES;
				GCC_OPTIMIZATION_LEVEL = 0;
				GCC_PREPROCESSOR_DEFINITIONS = (
					"DEBUG=1",
					"$(inherited)",
				);
				GCC_WARN_64_TO_32_BIT_CONVERSION = YES;
				GCC_WARN_ABOUT_RETURN_TYPE = YES_ERROR;
				GCC_WARN_UNDECLARED_SELECTOR = YES;
				GCC_WARN_UNINITIALIZED_AUTOS = YES_AGGRESSIVE;
				GCC_WARN_UNUSED_FUNCTION = YES;
				GCC_WARN_UNUSED_VARIABLE = YES;
				IPHONEOS_DEPLOYMENT_TARGET = 13.7;
				MTL_ENABLE_DEBUG_INFO = INCLUDE_SOURCE;
				MTL_FAST_MATH = YES;
				ONLY_ACTIVE_ARCH = YES;
				SDKROOT = iphoneos;
				SWIFT_ACTIVE_COMPILATION_CONDITIONS = DEBUG;
				SWIFT_OPTIMIZATION_LEVEL = "-Onone";
			};
			name = Debug;
		};
		C49B3E802514C84600B3B93B /* Release */ = {
			isa = XCBuildConfiguration;
			buildSettings = {
				ALWAYS_SEARCH_USER_PATHS = NO;
				CLANG_ANALYZER_NONNULL = YES;
				CLANG_ANALYZER_NUMBER_OBJECT_CONVERSION = YES_AGGRESSIVE;
				CLANG_CXX_LANGUAGE_STANDARD = "gnu++14";
				CLANG_CXX_LIBRARY = "libc++";
				CLANG_ENABLE_MODULES = YES;
				CLANG_ENABLE_OBJC_ARC = YES;
				CLANG_ENABLE_OBJC_WEAK = YES;
				CLANG_WARN_BLOCK_CAPTURE_AUTORELEASING = YES;
				CLANG_WARN_BOOL_CONVERSION = YES;
				CLANG_WARN_COMMA = YES;
				CLANG_WARN_CONSTANT_CONVERSION = YES;
				CLANG_WARN_DEPRECATED_OBJC_IMPLEMENTATIONS = YES;
				CLANG_WARN_DIRECT_OBJC_ISA_USAGE = YES_ERROR;
				CLANG_WARN_DOCUMENTATION_COMMENTS = YES;
				CLANG_WARN_EMPTY_BODY = YES;
				CLANG_WARN_ENUM_CONVERSION = YES;
				CLANG_WARN_INFINITE_RECURSION = YES;
				CLANG_WARN_INT_CONVERSION = YES;
				CLANG_WARN_NON_LITERAL_NULL_CONVERSION = YES;
				CLANG_WARN_OBJC_IMPLICIT_RETAIN_SELF = YES;
				CLANG_WARN_OBJC_LITERAL_CONVERSION = YES;
				CLANG_WARN_OBJC_ROOT_CLASS = YES_ERROR;
				CLANG_WARN_RANGE_LOOP_ANALYSIS = YES;
				CLANG_WARN_STRICT_PROTOTYPES = YES;
				CLANG_WARN_SUSPICIOUS_MOVE = YES;
				CLANG_WARN_UNGUARDED_AVAILABILITY = YES_AGGRESSIVE;
				CLANG_WARN_UNREACHABLE_CODE = YES;
				CLANG_WARN__DUPLICATE_METHOD_MATCH = YES;
				COPY_PHASE_STRIP = NO;
				DEBUG_INFORMATION_FORMAT = "dwarf-with-dsym";
				ENABLE_NS_ASSERTIONS = NO;
				ENABLE_STRICT_OBJC_MSGSEND = YES;
				GCC_C_LANGUAGE_STANDARD = gnu11;
				GCC_NO_COMMON_BLOCKS = YES;
				GCC_WARN_64_TO_32_BIT_CONVERSION = YES;
				GCC_WARN_ABOUT_RETURN_TYPE = YES_ERROR;
				GCC_WARN_UNDECLARED_SELECTOR = YES;
				GCC_WARN_UNINITIALIZED_AUTOS = YES_AGGRESSIVE;
				GCC_WARN_UNUSED_FUNCTION = YES;
				GCC_WARN_UNUSED_VARIABLE = YES;
				IPHONEOS_DEPLOYMENT_TARGET = 13.7;
				MTL_ENABLE_DEBUG_INFO = NO;
				MTL_FAST_MATH = YES;
				SDKROOT = iphoneos;
				SWIFT_COMPILATION_MODE = wholemodule;
				SWIFT_OPTIMIZATION_LEVEL = "-O";
				VALIDATE_PRODUCT = YES;
			};
			name = Release;
		};
		C49B3E822514C84600B3B93B /* Debug */ = {
			isa = XCBuildConfiguration;
			buildSettings = {
				ASSETCATALOG_COMPILER_APPICON_NAME = AppIcon;
				CODE_SIGN_STYLE = Automatic;
				DEVELOPMENT_TEAM = WNJF3698AZ;
				INFOPLIST_FILE = MovieThousand/Info.plist;
				LD_RUNPATH_SEARCH_PATHS = (
					"$(inherited)",
					"@executable_path/Frameworks",
				);
				PRODUCT_BUNDLE_IDENTIFIER = Tanirbergen.MovieThousand;
				PRODUCT_NAME = "$(TARGET_NAME)";
				SWIFT_VERSION = 5.0;
				TARGETED_DEVICE_FAMILY = "1,2";
			};
			name = Debug;
		};
		C49B3E832514C84600B3B93B /* Release */ = {
			isa = XCBuildConfiguration;
			buildSettings = {
				ASSETCATALOG_COMPILER_APPICON_NAME = AppIcon;
				CODE_SIGN_STYLE = Automatic;
				DEVELOPMENT_TEAM = WNJF3698AZ;
				INFOPLIST_FILE = MovieThousand/Info.plist;
				LD_RUNPATH_SEARCH_PATHS = (
					"$(inherited)",
					"@executable_path/Frameworks",
				);
				PRODUCT_BUNDLE_IDENTIFIER = Tanirbergen.MovieThousand;
				PRODUCT_NAME = "$(TARGET_NAME)";
				SWIFT_VERSION = 5.0;
				TARGETED_DEVICE_FAMILY = "1,2";
			};
			name = Release;
		};
/* End XCBuildConfiguration section */

/* Begin XCConfigurationList section */
		C49B3E652514C84300B3B93B /* Build configuration list for PBXProject "MovieThousand" */ = {
			isa = XCConfigurationList;
			buildConfigurations = (
				C49B3E7F2514C84600B3B93B /* Debug */,
				C49B3E802514C84600B3B93B /* Release */,
			);
			defaultConfigurationIsVisible = 0;
			defaultConfigurationName = Release;
		};
		C49B3E812514C84600B3B93B /* Build configuration list for PBXNativeTarget "MovieThousand" */ = {
			isa = XCConfigurationList;
			buildConfigurations = (
				C49B3E822514C84600B3B93B /* Debug */,
				C49B3E832514C84600B3B93B /* Release */,
			);
			defaultConfigurationIsVisible = 0;
			defaultConfigurationName = Release;
		};
/* End XCConfigurationList section */

/* Begin XCVersionGroup section */
		C49B3E762514C84300B3B93B /* MovieThousand.xcdatamodeld */ = {
			isa = XCVersionGroup;
			children = (
				C49B3E772514C84300B3B93B /* MovieThousand.xcdatamodel */,
			);
			currentVersion = C49B3E772514C84300B3B93B /* MovieThousand.xcdatamodel */;
			path = MovieThousand.xcdatamodeld;
			sourceTree = "<group>";
			versionGroupType = wrapper.xcdatamodel;
		};
/* End XCVersionGroup section */
	};
	rootObject = C49B3E622514C84300B3B93B /* Project object */;
}
